{
  "originHash" : "79dc7d16d1b6d82315b6d1e97483840252b0ac2a54d9f0bf89e997d33c4d6b00",
  "pins" : [
    {
      "identity" : "shield-ptr-spm",
      "kind" : "remoteSourceControl",
      "location" : "https://github.com/shield-ai-technology/shield-ptr-spm",
      "state" : {
        "revision" : "d2dfda2271cffcc7c420fc1aa7c741241a2eea4b",
        "version" : "1.5.52"
      }
    }
  ],
  "version" : 3
}
